# This file is generated by running "yarn install" inside your project.
# Manual changes might be lost - proceed with caution!

__metadata:
  version: 8
  cacheKey: 10c0

"@esbuild/aix-ppc64@npm:0.27.3":
  version: 0.27.3
  resolution: "@esbuild/aix-ppc64@npm:0.27.3"
  conditions: os=aix & cpu=ppc64
  languageName: node
  linkType: hard

"@esbuild/android-arm64@npm:0.27.3":
  version: 0.27.3
  resolution: "@esbuild/android-arm64@npm:0.27.3"
  conditions: os=android & cpu=arm64
  languageName: node
  linkType: hard

"@esbuild/android-arm@npm:0.27.3":
  version: 0.27.3
  resolution: "@esbuild/android-arm@npm:0.27.3"
  conditions: os=android & cpu=arm
  languageName: node
  linkType: hard

"@esbuild/android-x64@npm:0.27.3":
  version: 0.27.3
  resolution: "@esbuild/android-x64@npm:0.27.3"
  conditions: os=android & cpu=x64
  languageName: node
  linkType: hard

"@esbuild/darwin-arm64@npm:0.27.3":
  version: 0.27.3
  resolution: "@esbuild/darwin-arm64@npm:0.27.3"
  conditions: os=darwin & cpu=arm64
  languageName: node
  linkType: hard

"@esbuild/darwin-x64@npm:0.27.3":
  version: 0.27.3
  resolution: "@esbuild/darwin-x64@npm:0.27.3"
  conditions: os=darwin & cpu=x64
  languageName: node
  linkType: hard

"@esbuild/freebsd-arm64@npm:0.27.3":
  version: 0.27.3
  resolution: "@esbuild/freebsd-arm64@npm:0.27.3"
  conditions: os=freebsd & cpu=arm64
  languageName: node
  linkType: hard

"@esbuild/freebsd-x64@npm:0.27.3":
  version: 0.27.3
  resolution: "@esbuild/freebsd-x64@npm:0.27.3"
  conditions: os=freebsd & cpu=x64
  languageName: node
  linkType: hard

"@esbuild/linux-arm64@npm:0.27.3":
  version: 0.27.3
  resolution: "@esbuild/linux-arm64@npm:0.27.3"
  conditions: os=linux & cpu=arm64
  languageName: node
  linkType: hard

"@esbuild/linux-arm@npm:0.27.3":
  version: 0.27.3
  resolution: "@esbuild/linux-arm@npm:0.27.3"
  conditions: os=linux & cpu=arm
  languageName: node
  linkType: hard

"@esbuild/linux-ia32@npm:0.27.3":
  version: 0.27.3
  resolution: "@esbuild/linux-ia32@npm:0.27.3"
  conditions: os=linux & cpu=ia32
  languageName: node
  linkType: hard

"@esbuild/linux-loong64@npm:0.27.3":
  version: 0.27.3
  resolution: "@esbuild/linux-loong64@npm:0.27.3"
  conditions: os=linux & cpu=loong64
  languageName: node
  linkType: hard

"@esbuild/linux-mips64el@npm:0.27.3":
  version: 0.27.3
  resolution: "@esbuild/linux-mips64el@npm:0.27.3"
  conditions: os=linux & cpu=mips64el
  languageName: node
  linkType: hard

"@esbuild/linux-ppc64@npm:0.27.3":
  version: 0.27.3
  resolution: "@esbuild/linux-ppc64@npm:0.27.3"
  conditions: os=linux & cpu=ppc64
  languageName: node
  linkType: hard

"@esbuild/linux-riscv64@npm:0.27.3":
  version: 0.27.3
  resolution: "@esbuild/linux-riscv64@npm:0.27.3"
  conditions: os=linux & cpu=riscv64
  languageName: node
  linkType: hard

"@esbuild/linux-s390x@npm:0.27.3":
  version: 0.27.3
  resolution: "@esbuild/linux-s390x@npm:0.27.3"
  conditions: os=linux & cpu=s390x
  languageName: node
  linkType: hard

"@esbuild/linux-x64@npm:0.27.3":
  version: 0.27.3
  resolution: "@esbuild/linux-x64@npm:0.27.3"
  conditions: os=linux & cpu=x64
  languageName: node
  linkType: hard

"@esbuild/netbsd-arm64@npm:0.27.3":
  version: 0.27.3
  resolution: "@esbuild/netbsd-arm64@npm:0.27.3"
  conditions: os=netbsd & cpu=arm64
  languageName: node
  linkType: hard

"@esbuild/netbsd-x64@npm:0.27.3":
  version: 0.27.3
  resolution: "@esbuild/netbsd-x64@npm:0.27.3"
  conditions: os=netbsd & cpu=x64
  languageName: node
  linkType: hard

"@esbuild/openbsd-arm64@npm:0.27.3":
  version: 0.27.3
  resolution: "@esbuild/openbsd-arm64@npm:0.27.3"
  conditions: os=openbsd & cpu=arm64
  languageName: node
  linkType: hard

"@esbuild/openbsd-x64@npm:0.27.3":
  version: 0.27.3
  resolution: "@esbuild/openbsd-x64@npm:0.27.3"
  conditions: os=openbsd & cpu=x64
  languageName: node
  linkType: hard

"@esbuild/openharmony-arm64@npm:0.27.3":
  version: 0.27.3
  resolution: "@esbuild/openharmony-arm64@npm:0.27.3"
  conditions: os=openharmony & cpu=arm64
  languageName: node
  linkType: hard

"@esbuild/sunos-x64@npm:0.27.3":
  version: 0.27.3
  resolution: "@esbuild/sunos-x64@npm:0.27.3"
  conditions: os=sunos & cpu=x64
  languageName: node
  linkType: hard

"@esbuild/win32-arm64@npm:0.27.3":
  version: 0.27.3
  resolution: "@esbuild/win32-arm64@npm:0.27.3"
  conditions: os=win32 & cpu=arm64
  languageName: node
  linkType: hard

"@esbuild/win32-ia32@npm:0.27.3":
  version: 0.27.3
  resolution: "@esbuild/win32-ia32@npm:0.27.3"
  conditions: os=win32 & cpu=ia32
  languageName: node
  linkType: hard

"@esbuild/win32-x64@npm:0.27.3":
  version: 0.27.3
  resolution: "@esbuild/win32-x64@npm:0.27.3"
  conditions: os=win32 & cpu=x64
  languageName: node
  linkType: hard

"@hotwired/stimulus@npm:^3.2.2":
  version: 3.2.2
  resolution: "@hotwired/stimulus@npm:3.2.2"
  checksum: 10c0/3793919e353d28424f57d07e6b634bf6e8821c227acfa2a608aaa8bdfe7e80479acef12705168ca866f3c231399f4a939fb0cd089aaae04c406b3d885a3b35ea
  languageName: node
  linkType: hard

"@hotwired/turbo-rails@npm:^8.0.23":
  version: 8.0.23
  resolution: "@hotwired/turbo-rails@npm:8.0.23"
  dependencies:
    "@hotwired/turbo": "npm:^8.0.23"
    "@rails/actioncable": "npm:>=7.0"
  checksum: 10c0/58f46b787674029bc70e7a8efd734036214258805686384c8969d360320c33886c90c4da3c08abee3dc9c3ec2672e9c088d9205a2fe1f8b5fee230ce23cfb188
  languageName: node
  linkType: hard

"@hotwired/turbo@npm:^8.0.23":
  version: 8.0.23
  resolution: "@hotwired/turbo@npm:8.0.23"
  checksum: 10c0/600ba4ba7632e27c3ed9e80a2114715df94302d3d3b72b0a70efcd7c31477b377228a7fad629eeb2e4b2d778bf65571b176fc76a6bc5603dfc814810c0a815d6
  languageName: node
  linkType: hard

"@rails/actioncable@npm:>=7.0":
  version: 8.1.200
  resolution: "@rails/actioncable@npm:8.1.200"
  checksum: 10c0/d24e9944723594db4847912bd73c7e1538c14a913ba0126265c88319c3b78857f985f6231248c097abf8a593a7c4347a25cded8f8d6afbff32cb9542f860e855
  languageName: node
  linkType: hard

"app@workspace:.":
  version: 0.0.0-use.local
  resolution: "app@workspace:."
  dependencies:
    "@hotwired/stimulus": "npm:^3.2.2"
    "@hotwired/turbo-rails": "npm:^8.0.23"
    esbuild: "npm:^0.27.3"
  languageName: unknown
  linkType: soft

"esbuild@npm:^0.27.3":
  version: 0.27.3
  resolution: "esbuild@npm:0.27.3"
  dependencies:
    "@esbuild/aix-ppc64": "npm:0.27.3"
    "@esbuild/android-arm": "npm:0.27.3"
    "@esbuild/android-arm64": "npm:0.27.3"
    "@esbuild/android-x64": "npm:0.27.3"
    "@esbuild/darwin-arm64": "npm:0.27.3"
    "@esbuild/darwin-x64": "npm:0.27.3"
    "@esbuild/freebsd-arm64": "npm:0.27.3"
    "@esbuild/freebsd-x64": "npm:0.27.3"
    "@esbuild/linux-arm": "npm:0.27.3"
    "@esbuild/linux-arm64": "npm:0.27.3"
    "@esbuild/linux-ia32": "npm:0.27.3"
    "@esbuild/linux-loong64": "npm:0.27.3"
    "@esbuild/linux-mips64el": "npm:0.27.3"
    "@esbuild/linux-ppc64": "npm:0.27.3"
    "@esbuild/linux-riscv64": "npm:0.27.3"
    "@esbuild/linux-s390x": "npm:0.27.3"
    "@esbuild/linux-x64": "npm:0.27.3"
    "@esbuild/netbsd-arm64": "npm:0.27.3"
    "@esbuild/netbsd-x64": "npm:0.27.3"
    "@esbuild/openbsd-arm64": "npm:0.27.3"
    "@esbuild/openbsd-x64": "npm:0.27.3"
    "@esbuild/openharmony-arm64": "npm:0.27.3"
    "@esbuild/sunos-x64": "npm:0.27.3"
    "@esbuild/win32-arm64": "npm:0.27.3"
    "@esbuild/win32-ia32": "npm:0.27.3"
    "@esbuild/win32-x64": "npm:0.27.3"
  dependenciesMeta:
    "@esbuild/aix-ppc64":
      optional: true
    "@esbuild/android-arm":
      optional: true
    "@esbuild/android-arm64":
      optional: true
    "@esbuild/android-x64":
      optional: true
    "@esbuild/darwin-arm64":
      optional: true
    "@esbuild/darwin-x64":
      optional: true
    "@esbuild/freebsd-arm64":
      optional: true
    "@esbuild/freebsd-x64":
      optional: true
    "@esbuild/linux-arm":
      optional: true
    "@esbuild/linux-arm64":
      optional: true
    "@esbuild/linux-ia32":
      optional: true
    "@esbuild/linux-loong64":
      optional: true
    "@esbuild/linux-mips64el":
      optional: true
    "@esbuild/linux-ppc64":
      optional: true
    "@esbuild/linux-riscv64":
      optional: true
    "@esbuild/linux-s390x":
      optional: true
    "@esbuild/linux-x64":
      optional: true
    "@esbuild/netbsd-arm64":
      optional: true
    "@esbuild/netbsd-x64":
      optional: true
    "@esbuild/openbsd-arm64":
      optional: true
    "@esbuild/openbsd-x64":
      optional: true
    "@esbuild/openharmony-arm64":
      optional: true
    "@esbuild/sunos-x64":
      optional: true
    "@esbuild/win32-arm64":
      optional: true
    "@esbuild/win32-ia32":
      optional: true
    "@esbuild/win32-x64":
      optional: true
  bin:
    esbuild: bin/esbuild
  checksum: 10c0/fdc3f87a3f08b3ef98362f37377136c389a0d180fda4b8d073b26ba930cf245521db0a368f119cc7624bc619248fff1439f5811f062d853576f8ffa3df8ee5f1
  languageName: node
  linkType: hard
